
Microsoft Visual Studio Solution File, Format Version 12.00
# Visual Studio Version 17
VisualStudioVersion = 17.7.34031.279
MinimumVisualStudioVersion = 10.0.40219.1
Project("{FAE04EC0-301F-11D3-BF4B-00C04F79EFBC}") = "CurrencyConverter_DB", "CurrencyConverter_DB\CurrencyConverter_DB.csproj", "{912DD6E7-0782-40E2-B100-1704018B8A40}"
EndProject
Global
	GlobalSection(SolutionConfigurationPlatforms) = preSolution
		Debug|Any CPU = Debug|Any CPU
		Release|Any CPU = Release|Any CPU
	EndGlobalSection
	GlobalSection(ProjectConfigurationPlatforms) = postSolution
		{912DD6E7-0782-40E2-B100-1704018B8A40}.Debug|Any CPU.ActiveCfg = Debug|Any CPU
		{912DD6E7-0782-40E2-B100-1704018B8A40}.Debug|Any CPU.Build.0 = Debug|Any CPU
		{912DD6E7-0782-40E2-B100-1704018B8A40}.Release|Any CPU.ActiveCfg = Release|Any CPU
		{912DD6E7-0782-40E2-B100-1704018B8A40}.Release|Any CPU.Build.0 = Release|Any CPU
	EndGlobalSection
	GlobalSection(SolutionProperties) = preSolution
		HideSolutionNode = FALSE
	EndGlobalSection
	GlobalSection(ExtensibilityGlobals) = postSolution
		SolutionGuid = {3025154A-6746-4E4A-8E71-DB6FAA535791}
	EndGlobalSection
EndGlobal
